{
  "requires": true,
  "lockfileVersion": 1,
  "dependencies": {
    "vue": {
      "version": "2.6.7",
      "resolved": "https://registry.npmjs.org/vue/-/vue-2.6.7.tgz",
      "integrity": "sha512-g7ADfQ82QU+j6F/bVDioVQf2ccIMYLuR4E8ev+RsDBlmwRkhGO3HhgF4PF9vpwjdPpxyb1zzLur2nQ2oIMAMEg=="
    },
    "vue-sidebar-menu": {
      "version": "3.6.0",
      "resolved": "https://registry.npmjs.org/vue-sidebar-menu/-/vue-sidebar-menu-3.6.0.tgz",
      "integrity": "sha512-YCifc++Wn/7FZSi/t8vyQoXzaxsyb1IqSyKMXwD1xQYF9iCpo3+2Ty8MAfKhfkQ2Z1d7FFvN4Bc8Eh9LL6bm7Q==",
      "requires": {
        "vue": "^2.5.21"
      }
    }
  }
}
